{
  "lockfileVersion": 1,
  "geanies": {
    "game_loop": {
      "wish": 37,
      "sha": "128964a46f662aff9c4bdb87fb3b176062731efb",
      "boundAt": "2026-08-12T12:15:25.898814",
      "installedSha": "128964a46f662aff9c4bdb87fb3b176062731efb",
      "installedAt": "2026-08-12T12:15:26.262654",
      "origin": "git@github.com:SupposedlySam/game_loop.git",
      "history": [
        {
          "wish": 4,
          "sha": "39ea575bd9c408bf666eef27dd93b7fa8b6a5863",
          "boundAt": "2026-08-04T18:57:28.493284"
        },
        {
          "wish": 15,
          "sha": "600520fc4d51d6ecf87ec761cc34912d269bfe03",
          "boundAt": "2026-08-05T12:27:02.903285"
        },
        {
          "wish": 19,
          "sha": "33f08de541d2075440678606aac564b4474ded65",
          "boundAt": "2026-08-05T14:28:25.692750"
        },
        {
          "wish": 25,
          "sha": "3ca42da8cb07bd5ccdb824ac609cbd606af2abc4",
          "boundAt": "2026-08-05T16:51:34.404255"
        },
        {
          "wish": 26,
          "sha": "8173ec9cd64aff7de115f0fad76c07b430665a3d",
          "boundAt": "2026-08-05T17:03:40.256367"
        },
        {
          "wish": 27,
          "sha": "6e1a071f62b47a87aa2b7a488be26dcb33873869",
          "boundAt": "2026-08-05T17:22:06.048034"
        },
        {
          "wish": 28,
          "sha": "7b349c8de55adc77b4aa7c99e2799c9028401ad2",
          "boundAt": "2026-08-05T17:34:19.379388"
        }
      ]
    },
    "llm_chat": {
      "wish": 16,
      "sha": "f2878145de0fee9f714e5b75d23ffb6a7879ecce",
      "boundAt": "2026-08-12T13:11:35.425761",
      "origin": "git@github.com:SupposedlySam/llm_chat.git"
    }
  }
}
