{
  "lockfileVersion": 1,
  "geanies": {
    "game_loop": {
      "wish": 25,
      "sha": "3ca42da8cb07bd5ccdb824ac609cbd606af2abc4",
      "boundAt": "2026-08-05T16:51:34.404255",
      "installedSha": "3ca42da8cb07bd5ccdb824ac609cbd606af2abc4",
      "installedAt": "2026-08-05T16:51:34.766368",
      "history": [
        {
          "wish": 4,
          "sha": "39ea575bd9c408bf666eef27dd93b7fa8b6a5863",
          "boundAt": "2026-08-04T18:57:28.493284"
        },
        {
          "wish": 15,
          "sha": "600520fc4d51d6ecf87ec761cc34912d269bfe03",
          "boundAt": "2026-08-05T12:27:02.903285"
        },
        {
          "wish": 19,
          "sha": "33f08de541d2075440678606aac564b4474ded65",
          "boundAt": "2026-08-05T14:28:25.692750"
        }
      ]
    }
  }
}
